{
    "hash": "8dda7b58443a46c374ceee46351d76a1",
    "packages": [
        {
            "package": "symfony/http-foundation",
            "version": "dev-master",
            "source-reference": "8d5e7f909fa519853e71bcfc57a1da8c637ebcbb",
            "commit-date": "1345191498"
        }
    ],
    "packages-dev": null,
    "aliases": [

    ],
    "minimum-stability": "stable",
    "stability-flags": {
        "symfony/http-foundation": 20,
        "symfony/console": 20,
        "symfony/filesystem": 20,
        "symfony/finder": 20,
        "fabpot/php-cs-fixer": 20
    }
}
