{
    "hash": "ac811242004c9d4f77a82c5055ee463b",
    "packages": [
        {
            "name": "symfony/filesystem",
            "version": "dev-master",
            "target-dir": "Symfony/Component/Filesystem",
            "source": {
                "type": "git",
                "url": "https://github.com/symfony/Filesystem",
                "reference": "c68eefc68debfb7a8f5a9313cf6e53c74e4c7754"
            },
            "dist": {
                "type": "zip",
                "url": "https://github.com/symfony/Filesystem/zipball/c68eefc68debfb7a8f5a9313cf6e53c74e4c7754",
                "reference": "c68eefc68debfb7a8f5a9313cf6e53c74e4c7754",
                "shasum": ""
            },
            "require": {
                "php": ">=5.3.3"
            },
            "time": "1346957130",
            "type": "library",
            "extra": {
                "branch-alias": {
                    "dev-master": "2.2-dev"
                }
            },
            "installation-source": "source",
            "autoload": {
                "psr-0": {
                    "Symfony\\Component\\Filesystem": ""
                }
            },
            "license": [
                "MIT"
            ],
            "authors": [
                {
                    "name": "Fabien Potencier",
                    "email": "fabien@symfony.com"
                },
                {
                    "name": "Symfony Community",
                    "homepage": "http://symfony.com/contributors"
                }
            ],
            "description": "Symfony Filesystem Component",
            "homepage": "http://symfony.com"
        },
        {
            "name": "symfony/http-foundation",
            "version": "dev-master",
            "target-dir": "Symfony/Component/HttpFoundation",
            "source": {
                "type": "git",
                "url": "https://github.com/symfony/HttpFoundation",
                "reference": "b9fdabe6e00f686bcd2c9fc7ce2ce330b46bbe4e"
            },
            "dist": {
                "type": "zip",
                "url": "https://github.com/symfony/HttpFoundation/zipball/b9fdabe6e00f686bcd2c9fc7ce2ce330b46bbe4e",
                "reference": "b9fdabe6e00f686bcd2c9fc7ce2ce330b46bbe4e",
                "shasum": ""
            },
            "require": {
                "php": ">=5.3.3"
            },
            "time": "1347270696",
            "type": "library",
            "extra": {
                "branch-alias": {
                    "dev-master": "2.2-dev"
                }
            },
            "installation-source": "source",
            "autoload": {
                "psr-0": {
                    "Symfony\\Component\\HttpFoundation": "",
                    "SessionHandlerInterface": "Symfony/Component/HttpFoundation/Resources/stubs"
                }
            },
            "license": [
                "MIT"
            ],
            "authors": [
                {
                    "name": "Fabien Potencier",
                    "email": "fabien@symfony.com"
                },
                {
                    "name": "Symfony Community",
                    "homepage": "http://symfony.com/contributors"
                }
            ],
            "description": "Symfony HttpFoundation Component",
            "homepage": "http://symfony.com"
        },
        {
            "name": "symfony/process",
            "version": "dev-master",
            "target-dir": "Symfony/Component/Process",
            "source": {
                "type": "git",
                "url": "https://github.com/symfony/Process",
                "reference": "de4e7955ab0c499bd23394173aa30d11321632e2"
            },
            "dist": {
                "type": "zip",
                "url": "https://github.com/symfony/Process/zipball/de4e7955ab0c499bd23394173aa30d11321632e2",
                "reference": "de4e7955ab0c499bd23394173aa30d11321632e2",
                "shasum": ""
            },
            "require": {
                "php": ">=5.3.3"
            },
            "time": "1347053788",
            "type": "library",
            "extra": {
                "branch-alias": {
                    "dev-master": "2.2-dev"
                }
            },
            "installation-source": "source",
            "autoload": {
                "psr-0": {
                    "Symfony\\Component\\Process": ""
                }
            },
            "license": [
                "MIT"
            ],
            "authors": [
                {
                    "name": "Fabien Potencier",
                    "email": "fabien@symfony.com"
                },
                {
                    "name": "Symfony Community",
                    "homepage": "http://symfony.com/contributors"
                }
            ],
            "description": "Symfony Process Component",
            "homepage": "http://symfony.com"
        },
        {
            "name": "symfony/yaml",
            "version": "dev-master",
            "target-dir": "Symfony/Component/Yaml",
            "source": {
                "type": "git",
                "url": "https://github.com/symfony/Yaml",
                "reference": "826fe43a6e3b330d79e711d2fc02540af8d10f61"
            },
            "dist": {
                "type": "zip",
                "url": "https://github.com/symfony/Yaml/zipball/826fe43a6e3b330d79e711d2fc02540af8d10f61",
                "reference": "826fe43a6e3b330d79e711d2fc02540af8d10f61",
                "shasum": ""
            },
            "require": {
                "php": ">=5.3.3"
            },
            "time": "1346957130",
            "type": "library",
            "extra": {
                "branch-alias": {
                    "dev-master": "2.2-dev"
                }
            },
            "installation-source": "source",
            "autoload": {
                "psr-0": {
                    "Symfony\\Component\\Yaml": ""
                }
            },
            "license": [
                "MIT"
            ],
            "authors": [
                {
                    "name": "Fabien Potencier",
                    "email": "fabien@symfony.com"
                },
                {
                    "name": "Symfony Community",
                    "homepage": "http://symfony.com/contributors"
                }
            ],
            "description": "Symfony Yaml Component",
            "homepage": "http://symfony.com"
        }
    ],
    "packages-dev": null,
    "aliases": [

    ],
    "minimum-stability": "stable",
    "stability-flags": {
        "symfony/http-foundation": 20,
        "symfony/process": 20,
        "symfony/filesystem": 20,
        "symfony/yaml": 20,
        "symfony/console": 20,
        "symfony/finder": 20,
        "fabpot/php-cs-fixer": 20
    }
}
